
Microsoft Visual Studio Solution File, Format Version 12.00
# Visual Studio Version 16
VisualStudioVersion = 16.0.31911.196
MinimumVisualStudioVersion = 10.0.40219.1
Project("{FAE04EC0-301F-11D3-BF4B-00C04F79EFBC}") = "Inheritance", "Inheritance\Inheritance.csproj", "{35A1F863-4247-4804-B2B6-AB8CE45FFFE7}"
EndProject
Project("{FAE04EC0-301F-11D3-BF4B-00C04F79EFBC}") = "Electronic devices", "Electronic devices\Electronic devices.csproj", "{D686DE15-2A7D-4379-AACC-4A078BBC23C8}"
EndProject
Global
	GlobalSection(SolutionConfigurationPlatforms) = preSolution
		Debug|Any CPU = Debug|Any CPU
		Release|Any CPU = Release|Any CPU
	EndGlobalSection
	GlobalSection(ProjectConfigurationPlatforms) = postSolution
		{35A1F863-4247-4804-B2B6-AB8CE45FFFE7}.Debug|Any CPU.ActiveCfg = Debug|Any CPU
		{35A1F863-4247-4804-B2B6-AB8CE45FFFE7}.Debug|Any CPU.Build.0 = Debug|Any CPU
		{35A1F863-4247-4804-B2B6-AB8CE45FFFE7}.Release|Any CPU.ActiveCfg = Release|Any CPU
		{35A1F863-4247-4804-B2B6-AB8CE45FFFE7}.Release|Any CPU.Build.0 = Release|Any CPU
		{D686DE15-2A7D-4379-AACC-4A078BBC23C8}.Debug|Any CPU.ActiveCfg = Debug|Any CPU
		{D686DE15-2A7D-4379-AACC-4A078BBC23C8}.Debug|Any CPU.Build.0 = Debug|Any CPU
		{D686DE15-2A7D-4379-AACC-4A078BBC23C8}.Release|Any CPU.ActiveCfg = Release|Any CPU
		{D686DE15-2A7D-4379-AACC-4A078BBC23C8}.Release|Any CPU.Build.0 = Release|Any CPU
	EndGlobalSection
	GlobalSection(SolutionProperties) = preSolution
		HideSolutionNode = FALSE
	EndGlobalSection
	GlobalSection(ExtensibilityGlobals) = postSolution
		SolutionGuid = {990DF21E-2CEC-47C8-AFDB-C4D27C3C92D5}
	EndGlobalSection
EndGlobal
